
Microsoft Visual Studio Solution File, Format Version 12.00
# Visual Studio Version 17
VisualStudioVersion = 17.5.33530.505
MinimumVisualStudioVersion = 10.0.40219.1
Project("{FAE04EC0-301F-11D3-BF4B-00C04F79EFBC}") = "POOPiramidesCuadradas", "POOPiramidesCuadradas\POOPiramidesCuadradas.csproj", "{FD973827-81C0-4A1D-BA50-F333D1F3DCF3}"
EndProject
Project("{FAE04EC0-301F-11D3-BF4B-00C04F79EFBC}") = "POOPiramidesCuadradas.Entidades", "POOPiramidesCuadradas.Entidades\POOPiramidesCuadradas.Entidades.csproj", "{7AC077EC-71F9-4DDE-BC46-C80CECA72255}"
EndProject
Global
	GlobalSection(SolutionConfigurationPlatforms) = preSolution
		Debug|Any CPU = Debug|Any CPU
		Release|Any CPU = Release|Any CPU
	EndGlobalSection
	GlobalSection(ProjectConfigurationPlatforms) = postSolution
		{FD973827-81C0-4A1D-BA50-F333D1F3DCF3}.Debug|Any CPU.ActiveCfg = Debug|Any CPU
		{FD973827-81C0-4A1D-BA50-F333D1F3DCF3}.Debug|Any CPU.Build.0 = Debug|Any CPU
		{FD973827-81C0-4A1D-BA50-F333D1F3DCF3}.Release|Any CPU.ActiveCfg = Release|Any CPU
		{FD973827-81C0-4A1D-BA50-F333D1F3DCF3}.Release|Any CPU.Build.0 = Release|Any CPU
		{7AC077EC-71F9-4DDE-BC46-C80CECA72255}.Debug|Any CPU.ActiveCfg = Debug|Any CPU
		{7AC077EC-71F9-4DDE-BC46-C80CECA72255}.Debug|Any CPU.Build.0 = Debug|Any CPU
		{7AC077EC-71F9-4DDE-BC46-C80CECA72255}.Release|Any CPU.ActiveCfg = Release|Any CPU
		{7AC077EC-71F9-4DDE-BC46-C80CECA72255}.Release|Any CPU.Build.0 = Release|Any CPU
	EndGlobalSection
	GlobalSection(SolutionProperties) = preSolution
		HideSolutionNode = FALSE
	EndGlobalSection
	GlobalSection(ExtensibilityGlobals) = postSolution
		SolutionGuid = {8D0817B8-0935-4382-9BAC-A3D753320393}
	EndGlobalSection
EndGlobal
